
Microsoft Visual Studio Solution File, Format Version 12.00
# Visual Studio 15
VisualStudioVersion = 15.0.27703.2026
MinimumVisualStudioVersion = 10.0.40219.1
Project("{FAE04EC0-301F-11D3-BF4B-00C04F79EFBC}") = "testGyak", "testGyak\testGyak.csproj", "{95741B53-B45F-4449-9BCD-178935471100}"
EndProject
Project("{FAE04EC0-301F-11D3-BF4B-00C04F79EFBC}") = "newtest", "newtest\newtest.csproj", "{00F07DA4-D5B8-4D4C-9CCB-0AB5A5DF59D7}"
EndProject
Global
	GlobalSection(SolutionConfigurationPlatforms) = preSolution
		Debug|Any CPU = Debug|Any CPU
		Release|Any CPU = Release|Any CPU
	EndGlobalSection
	GlobalSection(ProjectConfigurationPlatforms) = postSolution
		{95741B53-B45F-4449-9BCD-178935471100}.Debug|Any CPU.ActiveCfg = Debug|Any CPU
		{95741B53-B45F-4449-9BCD-178935471100}.Debug|Any CPU.Build.0 = Debug|Any CPU
		{95741B53-B45F-4449-9BCD-178935471100}.Release|Any CPU.ActiveCfg = Release|Any CPU
		{95741B53-B45F-4449-9BCD-178935471100}.Release|Any CPU.Build.0 = Release|Any CPU
		{00F07DA4-D5B8-4D4C-9CCB-0AB5A5DF59D7}.Debug|Any CPU.ActiveCfg = Debug|Any CPU
		{00F07DA4-D5B8-4D4C-9CCB-0AB5A5DF59D7}.Debug|Any CPU.Build.0 = Debug|Any CPU
		{00F07DA4-D5B8-4D4C-9CCB-0AB5A5DF59D7}.Release|Any CPU.ActiveCfg = Release|Any CPU
		{00F07DA4-D5B8-4D4C-9CCB-0AB5A5DF59D7}.Release|Any CPU.Build.0 = Release|Any CPU
	EndGlobalSection
	GlobalSection(SolutionProperties) = preSolution
		HideSolutionNode = FALSE
	EndGlobalSection
	GlobalSection(ExtensibilityGlobals) = postSolution
		SolutionGuid = {AE8099E6-7146-4C94-8A4F-7894798707E1}
	EndGlobalSection
EndGlobal
