
Microsoft Visual Studio Solution File, Format Version 12.00
# Visual Studio 15
VisualStudioVersion = 15.0.27703.2000
MinimumVisualStudioVersion = 10.0.40219.1
Project("{FAE04EC0-301F-11D3-BF4B-00C04F79EFBC}") = "Triangles1xp", "Triangles1xp\Triangles1xp.csproj", "{99BDC97E-95DB-4907-BBE1-F629D46AA91A}"
EndProject
Global
	GlobalSection(SolutionConfigurationPlatforms) = preSolution
		Debug|Any CPU = Debug|Any CPU
		Release|Any CPU = Release|Any CPU
	EndGlobalSection
	GlobalSection(ProjectConfigurationPlatforms) = postSolution
		{99BDC97E-95DB-4907-BBE1-F629D46AA91A}.Debug|Any CPU.ActiveCfg = Debug|Any CPU
		{99BDC97E-95DB-4907-BBE1-F629D46AA91A}.Debug|Any CPU.Build.0 = Debug|Any CPU
		{99BDC97E-95DB-4907-BBE1-F629D46AA91A}.Release|Any CPU.ActiveCfg = Release|Any CPU
		{99BDC97E-95DB-4907-BBE1-F629D46AA91A}.Release|Any CPU.Build.0 = Release|Any CPU
	EndGlobalSection
	GlobalSection(SolutionProperties) = preSolution
		HideSolutionNode = FALSE
	EndGlobalSection
	GlobalSection(ExtensibilityGlobals) = postSolution
		SolutionGuid = {D73D149A-FC1A-4EF5-BFD9-DC71EB272831}
	EndGlobalSection
EndGlobal
