
Microsoft Visual Studio Solution File, Format Version 12.00
# Visual Studio 15
VisualStudioVersion = 15.0.27703.2035
MinimumVisualStudioVersion = 10.0.40219.1
Project("{FAE04EC0-301F-11D3-BF4B-00C04F79EFBC}") = "HighSchoolMuzikel", "HighSchoolMuzikel\HighSchoolMuzikel.csproj", "{BF3F350B-2ACB-4A14-8F3D-42D858114504}"
EndProject
Global
	GlobalSection(SolutionConfigurationPlatforms) = preSolution
		Debug|Any CPU = Debug|Any CPU
		Release|Any CPU = Release|Any CPU
	EndGlobalSection
	GlobalSection(ProjectConfigurationPlatforms) = postSolution
		{BF3F350B-2ACB-4A14-8F3D-42D858114504}.Debug|Any CPU.ActiveCfg = Debug|Any CPU
		{BF3F350B-2ACB-4A14-8F3D-42D858114504}.Debug|Any CPU.Build.0 = Debug|Any CPU
		{BF3F350B-2ACB-4A14-8F3D-42D858114504}.Release|Any CPU.ActiveCfg = Release|Any CPU
		{BF3F350B-2ACB-4A14-8F3D-42D858114504}.Release|Any CPU.Build.0 = Release|Any CPU
	EndGlobalSection
	GlobalSection(SolutionProperties) = preSolution
		HideSolutionNode = FALSE
	EndGlobalSection
	GlobalSection(ExtensibilityGlobals) = postSolution
		SolutionGuid = {33322A5F-F93A-4FCF-9E51-22B893518B7D}
	EndGlobalSection
EndGlobal
