
Microsoft Visual Studio Solution File, Format Version 12.00
# Visual Studio 15
VisualStudioVersion = 15.0.27703.2035
MinimumVisualStudioVersion = 10.0.40219.1
Project("{FAE04EC0-301F-11D3-BF4B-00C04F79EFBC}") = "NthElementWTest", "NthElementWTest\NthElementWTest.csproj", "{6F0A22FF-ED17-4A78-BFAE-B7D44D687C25}"
EndProject
Project("{FAE04EC0-301F-11D3-BF4B-00C04F79EFBC}") = "Test", "Test\Test.csproj", "{1D8D1902-65D6-4CB5-A5CA-14AA7E96CAB3}"
EndProject
Global
	GlobalSection(SolutionConfigurationPlatforms) = preSolution
		Debug|Any CPU = Debug|Any CPU
		Release|Any CPU = Release|Any CPU
	EndGlobalSection
	GlobalSection(ProjectConfigurationPlatforms) = postSolution
		{6F0A22FF-ED17-4A78-BFAE-B7D44D687C25}.Debug|Any CPU.ActiveCfg = Debug|Any CPU
		{6F0A22FF-ED17-4A78-BFAE-B7D44D687C25}.Debug|Any CPU.Build.0 = Debug|Any CPU
		{6F0A22FF-ED17-4A78-BFAE-B7D44D687C25}.Release|Any CPU.ActiveCfg = Release|Any CPU
		{6F0A22FF-ED17-4A78-BFAE-B7D44D687C25}.Release|Any CPU.Build.0 = Release|Any CPU
		{1D8D1902-65D6-4CB5-A5CA-14AA7E96CAB3}.Debug|Any CPU.ActiveCfg = Debug|Any CPU
		{1D8D1902-65D6-4CB5-A5CA-14AA7E96CAB3}.Debug|Any CPU.Build.0 = Debug|Any CPU
		{1D8D1902-65D6-4CB5-A5CA-14AA7E96CAB3}.Release|Any CPU.ActiveCfg = Release|Any CPU
		{1D8D1902-65D6-4CB5-A5CA-14AA7E96CAB3}.Release|Any CPU.Build.0 = Release|Any CPU
	EndGlobalSection
	GlobalSection(SolutionProperties) = preSolution
		HideSolutionNode = FALSE
	EndGlobalSection
	GlobalSection(ExtensibilityGlobals) = postSolution
		SolutionGuid = {84BD18EB-5367-45D3-BF1D-64BF7B0392C6}
	EndGlobalSection
EndGlobal
