
Microsoft Visual Studio Solution File, Format Version 12.00
# Visual Studio 15
VisualStudioVersion = 15.0.27703.2035
MinimumVisualStudioVersion = 10.0.40219.1
Project("{FAE04EC0-301F-11D3-BF4B-00C04F79EFBC}") = "NthElementWTest", "NthElementWTest\NthElementWTest.csproj", "{0D6179CE-C06C-4F47-BA5D-B537D1E3133B}"
EndProject
Global
	GlobalSection(SolutionConfigurationPlatforms) = preSolution
		Debug|Any CPU = Debug|Any CPU
		Release|Any CPU = Release|Any CPU
	EndGlobalSection
	GlobalSection(ProjectConfigurationPlatforms) = postSolution
		{0D6179CE-C06C-4F47-BA5D-B537D1E3133B}.Debug|Any CPU.ActiveCfg = Debug|Any CPU
		{0D6179CE-C06C-4F47-BA5D-B537D1E3133B}.Debug|Any CPU.Build.0 = Debug|Any CPU
		{0D6179CE-C06C-4F47-BA5D-B537D1E3133B}.Release|Any CPU.ActiveCfg = Release|Any CPU
		{0D6179CE-C06C-4F47-BA5D-B537D1E3133B}.Release|Any CPU.Build.0 = Release|Any CPU
	EndGlobalSection
	GlobalSection(SolutionProperties) = preSolution
		HideSolutionNode = FALSE
	EndGlobalSection
	GlobalSection(ExtensibilityGlobals) = postSolution
		SolutionGuid = {D417A716-4971-466C-809C-968F4FE8291E}
	EndGlobalSection
EndGlobal
