
Microsoft Visual Studio Solution File, Format Version 12.00
# Visual Studio 15
VisualStudioVersion = 15.0.27703.2035
MinimumVisualStudioVersion = 10.0.40219.1
Project("{FAE04EC0-301F-11D3-BF4B-00C04F79EFBC}") = "Pokekodex", "Pokekodex\Pokekodex.csproj", "{73432B03-5778-4A54-A87E-2ED8BA83E1F9}"
EndProject
Global
	GlobalSection(SolutionConfigurationPlatforms) = preSolution
		Debug|Any CPU = Debug|Any CPU
		Release|Any CPU = Release|Any CPU
	EndGlobalSection
	GlobalSection(ProjectConfigurationPlatforms) = postSolution
		{73432B03-5778-4A54-A87E-2ED8BA83E1F9}.Debug|Any CPU.ActiveCfg = Debug|Any CPU
		{73432B03-5778-4A54-A87E-2ED8BA83E1F9}.Debug|Any CPU.Build.0 = Debug|Any CPU
		{73432B03-5778-4A54-A87E-2ED8BA83E1F9}.Release|Any CPU.ActiveCfg = Release|Any CPU
		{73432B03-5778-4A54-A87E-2ED8BA83E1F9}.Release|Any CPU.Build.0 = Release|Any CPU
	EndGlobalSection
	GlobalSection(SolutionProperties) = preSolution
		HideSolutionNode = FALSE
	EndGlobalSection
	GlobalSection(ExtensibilityGlobals) = postSolution
		SolutionGuid = {B1406C34-F248-4FDB-BEAC-7ED8C1FF9F5C}
	EndGlobalSection
EndGlobal
