
Microsoft Visual Studio Solution File, Format Version 12.00
# Visual Studio 15
VisualStudioVersion = 15.0.27703.2035
MinimumVisualStudioVersion = 10.0.40219.1
Project("{FAE04EC0-301F-11D3-BF4B-00C04F79EFBC}") = "Poker", "Poker\Poker.csproj", "{F425A251-3371-4152-830F-DC09F14785F7}"
EndProject
Global
	GlobalSection(SolutionConfigurationPlatforms) = preSolution
		Debug|Any CPU = Debug|Any CPU
		Release|Any CPU = Release|Any CPU
	EndGlobalSection
	GlobalSection(ProjectConfigurationPlatforms) = postSolution
		{F425A251-3371-4152-830F-DC09F14785F7}.Debug|Any CPU.ActiveCfg = Debug|Any CPU
		{F425A251-3371-4152-830F-DC09F14785F7}.Debug|Any CPU.Build.0 = Debug|Any CPU
		{F425A251-3371-4152-830F-DC09F14785F7}.Release|Any CPU.ActiveCfg = Release|Any CPU
		{F425A251-3371-4152-830F-DC09F14785F7}.Release|Any CPU.Build.0 = Release|Any CPU
	EndGlobalSection
	GlobalSection(SolutionProperties) = preSolution
		HideSolutionNode = FALSE
	EndGlobalSection
	GlobalSection(ExtensibilityGlobals) = postSolution
		SolutionGuid = {4044BB8C-4448-4A4F-A863-47A5D5F9EBAA}
	EndGlobalSection
EndGlobal
