
Microsoft Visual Studio Solution File, Format Version 12.00
# Visual Studio 15
VisualStudioVersion = 15.0.27703.2000
MinimumVisualStudioVersion = 10.0.40219.1
Project("{FAE04EC0-301F-11D3-BF4B-00C04F79EFBC}") = "Planets", "Planets\Planets.csproj", "{7D222FFC-866D-4107-A677-CD0BBA304976}"
EndProject
Global
	GlobalSection(SolutionConfigurationPlatforms) = preSolution
		Debug|Any CPU = Debug|Any CPU
		Release|Any CPU = Release|Any CPU
	EndGlobalSection
	GlobalSection(ProjectConfigurationPlatforms) = postSolution
		{7D222FFC-866D-4107-A677-CD0BBA304976}.Debug|Any CPU.ActiveCfg = Debug|Any CPU
		{7D222FFC-866D-4107-A677-CD0BBA304976}.Debug|Any CPU.Build.0 = Debug|Any CPU
		{7D222FFC-866D-4107-A677-CD0BBA304976}.Release|Any CPU.ActiveCfg = Release|Any CPU
		{7D222FFC-866D-4107-A677-CD0BBA304976}.Release|Any CPU.Build.0 = Release|Any CPU
	EndGlobalSection
	GlobalSection(SolutionProperties) = preSolution
		HideSolutionNode = FALSE
	EndGlobalSection
	GlobalSection(ExtensibilityGlobals) = postSolution
		SolutionGuid = {222800DF-1696-4E63-B4CD-F5117CEA17A6}
	EndGlobalSection
EndGlobal
