
Microsoft Visual Studio Solution File, Format Version 12.00
# Visual Studio 15
VisualStudioVersion = 15.0.27703.2000
MinimumVisualStudioVersion = 10.0.40219.1
Project("{9A19103F-16F7-4668-BE54-9A1E7A4F7556}") = "ConsoleApp3", "ConsoleApp3\ConsoleApp3.csproj", "{C2E06F2B-C34B-42B8-981F-4CE22BF8CADC}"
EndProject
Global
	GlobalSection(SolutionConfigurationPlatforms) = preSolution
		Debug|Any CPU = Debug|Any CPU
		Release|Any CPU = Release|Any CPU
	EndGlobalSection
	GlobalSection(ProjectConfigurationPlatforms) = postSolution
		{C2E06F2B-C34B-42B8-981F-4CE22BF8CADC}.Debug|Any CPU.ActiveCfg = Debug|Any CPU
		{C2E06F2B-C34B-42B8-981F-4CE22BF8CADC}.Debug|Any CPU.Build.0 = Debug|Any CPU
		{C2E06F2B-C34B-42B8-981F-4CE22BF8CADC}.Release|Any CPU.ActiveCfg = Release|Any CPU
		{C2E06F2B-C34B-42B8-981F-4CE22BF8CADC}.Release|Any CPU.Build.0 = Release|Any CPU
	EndGlobalSection
	GlobalSection(SolutionProperties) = preSolution
		HideSolutionNode = FALSE
	EndGlobalSection
	GlobalSection(ExtensibilityGlobals) = postSolution
		SolutionGuid = {183BEBD9-B9BF-41BC-8C0A-1F958E92FA97}
	EndGlobalSection
EndGlobal
